
Microsoft Visual Studio Solution File, Format Version 12.00
Project("{2150E333-8FDC-42A3-9474-1A3956D46DE8}") = "src", "src", "{70294748-70BA-44FF-8E40-F6CF0793BF0D}"
EndProject
Project("{2150E333-8FDC-42A3-9474-1A3956D46DE8}") = "API", "API", "{7EF12AEA-2008-402C-8139-1CCDDA408671}"
EndProject
Project("{2150E333-8FDC-42A3-9474-1A3956D46DE8}") = "Modules", "Modules", "{7C0F071C-1034-4E67-853E-BE94EA46C375}"
EndProject
Project("{2150E333-8FDC-42A3-9474-1A3956D46DE8}") = "Shared", "Shared", "{A0EFE51D-D125-4D5A-A038-70853AF2274F}"
EndProject
Project("{FAE04EC0-301F-11D3-BF4B-00C04F79EFBC}") = "API", "src\API\API\API.csproj", "{E5B3F441-72A4-45E8-8993-275093F56A31}"
EndProject
Project("{FAE04EC0-301F-11D3-BF4B-00C04F79EFBC}") = "Shared", "src\Shared\Shared\Shared.csproj", "{D269395B-B4DC-49C2-A416-F2B9285A99B2}"
EndProject
Project("{2150E333-8FDC-42A3-9474-1A3956D46DE8}") = "Users", "Users", "{0560E546-6761-47F1-B5B3-8F49D4A94DD9}"
EndProject
Project("{FAE04EC0-301F-11D3-BF4B-00C04F79EFBC}") = "Users.Application", "src\Modules\Users\Users.Application\Users.Application.csproj", "{65F4DB3D-CC3D-4F49-8CFA-31BD55C49642}"
EndProject
Project("{FAE04EC0-301F-11D3-BF4B-00C04F79EFBC}") = "Users.Infrastructure", "src\Modules\Users\Users.Infrastructure\Users.Infrastructure.csproj", "{4A3F8C1D-58BD-4D91-B485-CEAAC68FD517}"
EndProject
Project("{FAE04EC0-301F-11D3-BF4B-00C04F79EFBC}") = "Users.Domain", "src\Modules\Users\Users.Domain\Users.Domain.csproj", "{334D5B6A-1D9C-4C39-95CC-AF1335204EB5}"
EndProject
Project("{2150E333-8FDC-42A3-9474-1A3956D46DE8}") = "Resume", "Resume", "{73CB50F3-106E-4D3D-B533-F5296F25F28F}"
EndProject
Project("{FAE04EC0-301F-11D3-BF4B-00C04F79EFBC}") = "Resume.Domain", "src\Modules\Resume\Resume.Domain\Resume.Domain.csproj", "{E3624FE7-E8B8-435D-874C-F345D9064E88}"
EndProject
Project("{FAE04EC0-301F-11D3-BF4B-00C04F79EFBC}") = "Resume.Infrastructure", "src\Modules\Resume\Resume.Infrastructure\Resume.Infrastructure.csproj", "{5944986D-D821-4E09-A6BA-787A694936B3}"
EndProject
Project("{FAE04EC0-301F-11D3-BF4B-00C04F79EFBC}") = "Resume.Application", "Resume.Application\Resume.Application.csproj", "{6DBCDEC4-A72A-4854-8B79-7BE83D0D757D}"
EndProject
Global
	GlobalSection(SolutionConfigurationPlatforms) = preSolution
		Debug|Any CPU = Debug|Any CPU
		Release|Any CPU = Release|Any CPU
	EndGlobalSection
	GlobalSection(NestedProjects) = preSolution
		{7EF12AEA-2008-402C-8139-1CCDDA408671} = {70294748-70BA-44FF-8E40-F6CF0793BF0D}
		{7C0F071C-1034-4E67-853E-BE94EA46C375} = {70294748-70BA-44FF-8E40-F6CF0793BF0D}
		{A0EFE51D-D125-4D5A-A038-70853AF2274F} = {70294748-70BA-44FF-8E40-F6CF0793BF0D}
		{E5B3F441-72A4-45E8-8993-275093F56A31} = {7EF12AEA-2008-402C-8139-1CCDDA408671}
		{D269395B-B4DC-49C2-A416-F2B9285A99B2} = {A0EFE51D-D125-4D5A-A038-70853AF2274F}
		{0560E546-6761-47F1-B5B3-8F49D4A94DD9} = {7C0F071C-1034-4E67-853E-BE94EA46C375}
		{65F4DB3D-CC3D-4F49-8CFA-31BD55C49642} = {0560E546-6761-47F1-B5B3-8F49D4A94DD9}
		{4A3F8C1D-58BD-4D91-B485-CEAAC68FD517} = {0560E546-6761-47F1-B5B3-8F49D4A94DD9}
		{334D5B6A-1D9C-4C39-95CC-AF1335204EB5} = {0560E546-6761-47F1-B5B3-8F49D4A94DD9}
		{73CB50F3-106E-4D3D-B533-F5296F25F28F} = {7C0F071C-1034-4E67-853E-BE94EA46C375}
		{E3624FE7-E8B8-435D-874C-F345D9064E88} = {73CB50F3-106E-4D3D-B533-F5296F25F28F}
		{5944986D-D821-4E09-A6BA-787A694936B3} = {73CB50F3-106E-4D3D-B533-F5296F25F28F}
		{6DBCDEC4-A72A-4854-8B79-7BE83D0D757D} = {73CB50F3-106E-4D3D-B533-F5296F25F28F}
	EndGlobalSection
	GlobalSection(ProjectConfigurationPlatforms) = postSolution
		{E5B3F441-72A4-45E8-8993-275093F56A31}.Debug|Any CPU.ActiveCfg = Debug|Any CPU
		{E5B3F441-72A4-45E8-8993-275093F56A31}.Debug|Any CPU.Build.0 = Debug|Any CPU
		{E5B3F441-72A4-45E8-8993-275093F56A31}.Release|Any CPU.ActiveCfg = Release|Any CPU
		{E5B3F441-72A4-45E8-8993-275093F56A31}.Release|Any CPU.Build.0 = Release|Any CPU
		{D269395B-B4DC-49C2-A416-F2B9285A99B2}.Debug|Any CPU.ActiveCfg = Debug|Any CPU
		{D269395B-B4DC-49C2-A416-F2B9285A99B2}.Debug|Any CPU.Build.0 = Debug|Any CPU
		{D269395B-B4DC-49C2-A416-F2B9285A99B2}.Release|Any CPU.ActiveCfg = Release|Any CPU
		{D269395B-B4DC-49C2-A416-F2B9285A99B2}.Release|Any CPU.Build.0 = Release|Any CPU
		{65F4DB3D-CC3D-4F49-8CFA-31BD55C49642}.Debug|Any CPU.ActiveCfg = Debug|Any CPU
		{65F4DB3D-CC3D-4F49-8CFA-31BD55C49642}.Debug|Any CPU.Build.0 = Debug|Any CPU
		{65F4DB3D-CC3D-4F49-8CFA-31BD55C49642}.Release|Any CPU.ActiveCfg = Release|Any CPU
		{65F4DB3D-CC3D-4F49-8CFA-31BD55C49642}.Release|Any CPU.Build.0 = Release|Any CPU
		{4A3F8C1D-58BD-4D91-B485-CEAAC68FD517}.Debug|Any CPU.ActiveCfg = Debug|Any CPU
		{4A3F8C1D-58BD-4D91-B485-CEAAC68FD517}.Debug|Any CPU.Build.0 = Debug|Any CPU
		{4A3F8C1D-58BD-4D91-B485-CEAAC68FD517}.Release|Any CPU.ActiveCfg = Release|Any CPU
		{4A3F8C1D-58BD-4D91-B485-CEAAC68FD517}.Release|Any CPU.Build.0 = Release|Any CPU
		{334D5B6A-1D9C-4C39-95CC-AF1335204EB5}.Debug|Any CPU.ActiveCfg = Debug|Any CPU
		{334D5B6A-1D9C-4C39-95CC-AF1335204EB5}.Debug|Any CPU.Build.0 = Debug|Any CPU
		{334D5B6A-1D9C-4C39-95CC-AF1335204EB5}.Release|Any CPU.ActiveCfg = Release|Any CPU
		{334D5B6A-1D9C-4C39-95CC-AF1335204EB5}.Release|Any CPU.Build.0 = Release|Any CPU
		{E3624FE7-E8B8-435D-874C-F345D9064E88}.Debug|Any CPU.ActiveCfg = Debug|Any CPU
		{E3624FE7-E8B8-435D-874C-F345D9064E88}.Debug|Any CPU.Build.0 = Debug|Any CPU
		{E3624FE7-E8B8-435D-874C-F345D9064E88}.Release|Any CPU.ActiveCfg = Release|Any CPU
		{E3624FE7-E8B8-435D-874C-F345D9064E88}.Release|Any CPU.Build.0 = Release|Any CPU
		{5944986D-D821-4E09-A6BA-787A694936B3}.Debug|Any CPU.ActiveCfg = Debug|Any CPU
		{5944986D-D821-4E09-A6BA-787A694936B3}.Debug|Any CPU.Build.0 = Debug|Any CPU
		{5944986D-D821-4E09-A6BA-787A694936B3}.Release|Any CPU.ActiveCfg = Release|Any CPU
		{5944986D-D821-4E09-A6BA-787A694936B3}.Release|Any CPU.Build.0 = Release|Any CPU
		{6DBCDEC4-A72A-4854-8B79-7BE83D0D757D}.Debug|Any CPU.ActiveCfg = Debug|Any CPU
		{6DBCDEC4-A72A-4854-8B79-7BE83D0D757D}.Debug|Any CPU.Build.0 = Debug|Any CPU
		{6DBCDEC4-A72A-4854-8B79-7BE83D0D757D}.Release|Any CPU.ActiveCfg = Release|Any CPU
		{6DBCDEC4-A72A-4854-8B79-7BE83D0D757D}.Release|Any CPU.Build.0 = Release|Any CPU
	EndGlobalSection
EndGlobal
